schema: '2.0'
stages:
  create_data:
    cmd: python src/create_data.py
    deps:
    - path: data/original/udemy_courses.csv
      md5: ef839233b89d97f0d3229e37c4a1436c
      size: 693946
    - path: src/create_data.py
      md5: 7b632a9a27aa6a63f6d2185e502173ce
      size: 400
    outs:
    - path: data/train_test/test.csv
      md5: 508b751a2f71c6aedd1bac36c6116c08
      size: 139877
    - path: data/train_test/train.csv
      md5: abaaea2f722aa9379f772be2ab391741
      size: 554199
  feature:
    cmd: python src/feature.py
    deps:
    - path: data/train_test/test.csv
      md5: 508b751a2f71c6aedd1bac36c6116c08
      size: 139877
    - path: data/train_test/train.csv
      md5: abaaea2f722aa9379f772be2ab391741
      size: 554199
    - path: src/feature.py
      md5: 8004949d2fe95533b7172185c705c662
      size: 737
    outs:
    - path: data/feature/test_feature.csv
      md5: 5449cbc34ba8418cc1e9e9d201941ae7
      size: 15204
    - path: data/feature/train_feature.csv
      md5: b07fc86db4f532a2f587c2f641330c93
      size: 60023
  train:
    cmd: python src/train.py
    deps:
    - path: data/feature/train_feature.csv
      md5: b07fc86db4f532a2f587c2f641330c93
      size: 60023
    - path: src/train.py
      md5: e605930524d37f1fa44a9d6655b0f75c
      size: 730
    params:
      params.yaml:
        RandomForest.depth: 30
        RandomForest.estimators: 200
    outs:
    - path: model/model.pkl
      md5: 77e5fb4ba8a6020adca53891eb1caeca
      size: 47001638
    - path: report/params.json
      md5: 28663a849d415fa237e1587b7ffd6a29
      size: 48
  evaluate:
    cmd: python src/evaluate.py
    deps:
    - path: data/feature/test_feature.csv
      md5: 5449cbc34ba8418cc1e9e9d201941ae7
      size: 15204
    - path: model/model.pkl
      md5: 77e5fb4ba8a6020adca53891eb1caeca
      size: 47001638
    - path: src/evaluate.py
      md5: 0fbcb954262665e42f96d4016f33b550
      size: 493
    outs:
    - path: report/metrics.json
      md5: 00d9eff6a5841b79b5a79219a8860b40
      size: 32
